
Microsoft Visual Studio Solution File, Format Version 12.00
# Visual Studio Version 16
VisualStudioVersion = 16.0.30503.244
MinimumVisualStudioVersion = 10.0.40219.1
Project("{FAE04EC0-301F-11D3-BF4B-00C04F79EFBC}") = "MoodAnalyzer", "MoodAnalyzer\MoodAnalyzer.csproj", "{2B4D2C5B-A67D-42D7-A40D-8F2DD0957131}"
EndProject
Project("{FAE04EC0-301F-11D3-BF4B-00C04F79EFBC}") = "MoodAnalyzerUnitTesting", "MoodAnalyzerUnitTesting\MoodAnalyzerUnitTesting.csproj", "{D9B864ED-CD87-48FF-B96D-F4DC6EAEE27A}"
EndProject
Global
	GlobalSection(SolutionConfigurationPlatforms) = preSolution
		Debug|Any CPU = Debug|Any CPU
		Release|Any CPU = Release|Any CPU
	EndGlobalSection
	GlobalSection(ProjectConfigurationPlatforms) = postSolution
		{2B4D2C5B-A67D-42D7-A40D-8F2DD0957131}.Debug|Any CPU.ActiveCfg = Debug|Any CPU
		{2B4D2C5B-A67D-42D7-A40D-8F2DD0957131}.Debug|Any CPU.Build.0 = Debug|Any CPU
		{2B4D2C5B-A67D-42D7-A40D-8F2DD0957131}.Release|Any CPU.ActiveCfg = Release|Any CPU
		{2B4D2C5B-A67D-42D7-A40D-8F2DD0957131}.Release|Any CPU.Build.0 = Release|Any CPU
		{D9B864ED-CD87-48FF-B96D-F4DC6EAEE27A}.Debug|Any CPU.ActiveCfg = Debug|Any CPU
		{D9B864ED-CD87-48FF-B96D-F4DC6EAEE27A}.Debug|Any CPU.Build.0 = Debug|Any CPU
		{D9B864ED-CD87-48FF-B96D-F4DC6EAEE27A}.Release|Any CPU.ActiveCfg = Release|Any CPU
		{D9B864ED-CD87-48FF-B96D-F4DC6EAEE27A}.Release|Any CPU.Build.0 = Release|Any CPU
	EndGlobalSection
	GlobalSection(SolutionProperties) = preSolution
		HideSolutionNode = FALSE
	EndGlobalSection
	GlobalSection(ExtensibilityGlobals) = postSolution
		SolutionGuid = {6BCA585E-D81F-4605-A5FA-CCF82520A0F6}
	EndGlobalSection
EndGlobal
